NeoBundleLock coc.nvim 1377f3bfccfb2f6c22270afb6f4b06f9fd0d1e60
NeoBundleLock ctrlp.vim 971c4d41880b72dbbf1620b3ad91418a6a6f6b9c
NeoBundleLock neobundle.vim 1306c131ff0a6cc094b7ff0727350e442b5427f1
NeoBundleLock neosnippet-snippets 97ce53528ded53cc2355acb64d285a6291cca099
NeoBundleLock neosnippet.vim 30b6b53b7a86b84371714b4a0f092d5d303c4a35
NeoBundleLock nerdtree 81f3eaba295b3fceb2d032db57e5eae99ae480f8
NeoBundleLock syntastic f2ddb480c5afa1c0f155d78e6fc7853fd20f0420
NeoBundleLock vim-airline 0a87d08dbdb398b2bb644b5041f68396f0c92d5d
NeoBundleLock vim-airline-themes 0f9995d5996adf613297896c744415cd9e6b7a80
NeoBundleLock vim-css-color 8dd7f1bf25acee493a5114e627ea90a9850c5fa8
NeoBundleLock vim-fugitive f4acdcc5b4de9a4bfb2d71b7587f165a5be9c148
NeoBundleLock vim-indent-guides 54d889a63716ee2f1818aa2ec5082db47147147b
NeoBundleLock vimshell 3787e52766812d8b99a93ccdda57517bc2a0bab6
NeoBundleLock youcompleteme ed423e8a1d2a5842a126d33b824ad3b65f85f3ba
